
Microsoft Visual Studio Solution File, Format Version 12.00
# Visual Studio Version 17
VisualStudioVersion = 17.12.35410.144
MinimumVisualStudioVersion = 10.0.40219.1
Project("{FAE04EC0-301F-11D3-BF4B-00C04F79EFBC}") = "OpenHarmony.Demo", "OpenHarmony.Demo\OpenHarmony.Demo.csproj", "{56E61895-E8F6-472F-8D73-A34AD009AE76}"
EndProject
Project("{FAE04EC0-301F-11D3-BF4B-00C04F79EFBC}") = "OpenHarmony.NDK.Bindings", "OpenHarmony.NDK.Bindings\OpenHarmony.NDK.Bindings.csproj", "{7D3C255F-1D97-4DB1-B972-54F1BF229207}"
EndProject
Global
	GlobalSection(SolutionConfigurationPlatforms) = preSolution
		Debug|Any CPU = Debug|Any CPU
		Release|Any CPU = Release|Any CPU
	EndGlobalSection
	GlobalSection(ProjectConfigurationPlatforms) = postSolution
		{56E61895-E8F6-472F-8D73-A34AD009AE76}.Debug|Any CPU.ActiveCfg = Debug|Any CPU
		{56E61895-E8F6-472F-8D73-A34AD009AE76}.Debug|Any CPU.Build.0 = Debug|Any CPU
		{56E61895-E8F6-472F-8D73-A34AD009AE76}.Release|Any CPU.ActiveCfg = Release|Any CPU
		{56E61895-E8F6-472F-8D73-A34AD009AE76}.Release|Any CPU.Build.0 = Release|Any CPU
		{7D3C255F-1D97-4DB1-B972-54F1BF229207}.Debug|Any CPU.ActiveCfg = Debug|Any CPU
		{7D3C255F-1D97-4DB1-B972-54F1BF229207}.Debug|Any CPU.Build.0 = Debug|Any CPU
		{7D3C255F-1D97-4DB1-B972-54F1BF229207}.Release|Any CPU.ActiveCfg = Release|Any CPU
		{7D3C255F-1D97-4DB1-B972-54F1BF229207}.Release|Any CPU.Build.0 = Release|Any CPU
	EndGlobalSection
	GlobalSection(SolutionProperties) = preSolution
		HideSolutionNode = FALSE
	EndGlobalSection
EndGlobal
